// !$*UTF8*$!
{
	archiveVersion = 1;
	classes = {
	};
	objectVersion = 56;
	objects = {

/* Begin PBXBuildFile section */
		653F5BCE29993F5000701A2E /* DetailPresenter.swift in Sources */ = {isa = PBXBuildFile; fileRef = 653F5BCD29993F5000701A2E /* DetailPresenter.swift */; };
		653F5BD129993F6600701A2E /* DetailView.swift in Sources */ = {isa = PBXBuildFile; fileRef = 653F5BD029993F6600701A2E /* DetailView.swift */; };
		653F5BD32999474300701A2E /* JSONNull+Extention.swift in Sources */ = {isa = PBXBuildFile; fileRef = 653F5BD22999474300701A2E /* JSONNull+Extention.swift */; };
		653F5BD52999507A00701A2E /* DetailInteractor.swift in Sources */ = {isa = PBXBuildFile; fileRef = 653F5BD42999507A00701A2E /* DetailInteractor.swift */; };
		653F5BD72999542800701A2E /* HomeRouter.swift in Sources */ = {isa = PBXBuildFile; fileRef = 653F5BD62999542800701A2E /* HomeRouter.swift */; };
		6561567E2997C50300E50B91 /* HomeView.swift in Sources */ = {isa = PBXBuildFile; fileRef = 6561567D2997C50300E50B91 /* HomeView.swift */; };
		656156802997CB2A00E50B91 /* UpComingMovieViewCell.swift in Sources */ = {isa = PBXBuildFile; fileRef = 6561567F2997CB2A00E50B91 /* UpComingMovieViewCell.swift */; };
		656156832997E33400E50B91 /* UpComingMoviesView.swift in Sources */ = {isa = PBXBuildFile; fileRef = 656156822997E33400E50B91 /* UpComingMoviesView.swift */; };
		65615685299887C700E50B91 /* MoviesResponse.swift in Sources */ = {isa = PBXBuildFile; fileRef = 65615684299887C700E50B91 /* MoviesResponse.swift */; };
		656156872998897200E50B91 /* MovieModel.swift in Sources */ = {isa = PBXBuildFile; fileRef = 656156862998897200E50B91 /* MovieModel.swift */; };
		6561568C299893F900E50B91 /* PopularMovieViewCell.swift in Sources */ = {isa = PBXBuildFile; fileRef = 6561568B299893F900E50B91 /* PopularMovieViewCell.swift */; };
		6561568E2998A3D200E50B91 /* PopularMovieView.swift in Sources */ = {isa = PBXBuildFile; fileRef = 6561568D2998A3D200E50B91 /* PopularMovieView.swift */; };
		656156932999021400E50B91 /* LocalDataSource.swift in Sources */ = {isa = PBXBuildFile; fileRef = 656156922999021400E50B91 /* LocalDataSource.swift */; };
		656156972999114000E50B91 /* MovieResponse.swift in Sources */ = {isa = PBXBuildFile; fileRef = 656156962999114000E50B91 /* MovieResponse.swift */; };
		6565940C2995E7B50028AEFA /* MoviesApp.swift in Sources */ = {isa = PBXBuildFile; fileRef = 6565940B2995E7B50028AEFA /* MoviesApp.swift */; };
		6565940E2995E7B50028AEFA /* ContentView.swift in Sources */ = {isa = PBXBuildFile; fileRef = 6565940D2995E7B50028AEFA /* ContentView.swift */; };
		656594102995E7B60028AEFA /* Assets.xcassets in Resources */ = {isa = PBXBuildFile; fileRef = 6565940F2995E7B60028AEFA /* Assets.xcassets */; };
		656594132995E7B60028AEFA /* Preview Assets.xcassets in Resources */ = {isa = PBXBuildFile; fileRef = 656594122995E7B60028AEFA /* Preview Assets.xcassets */; };
		6565941E2995E8320028AEFA /* Injection.swift in Sources */ = {isa = PBXBuildFile; fileRef = 6565941D2995E8320028AEFA /* Injection.swift */; };
		656594252995EB1A0028AEFA /* Realm in Frameworks */ = {isa = PBXBuildFile; productRef = 656594242995EB1A0028AEFA /* Realm */; };
		656594272995EB1A0028AEFA /* RealmSwift in Frameworks */ = {isa = PBXBuildFile; productRef = 656594262995EB1A0028AEFA /* RealmSwift */; };
		6565942A2995EB590028AEFA /* RxCocoa in Frameworks */ = {isa = PBXBuildFile; productRef = 656594292995EB590028AEFA /* RxCocoa */; };
		6565942C2995EB590028AEFA /* RxSwift in Frameworks */ = {isa = PBXBuildFile; productRef = 6565942B2995EB590028AEFA /* RxSwift */; };
		65659433299658960028AEFA /* APICall.swift in Sources */ = {isa = PBXBuildFile; fileRef = 65659432299658960028AEFA /* APICall.swift */; };
		65659435299659B40028AEFA /* TMDB.plist in Resources */ = {isa = PBXBuildFile; fileRef = 65659434299659B40028AEFA /* TMDB.plist */; };
		65659439299670430028AEFA /* PopularMovieEntity.swift in Sources */ = {isa = PBXBuildFile; fileRef = 65659438299670430028AEFA /* PopularMovieEntity.swift */; };
		6565943F2996975F0028AEFA /* RemoteDataSource.swift in Sources */ = {isa = PBXBuildFile; fileRef = 6565943E2996975F0028AEFA /* RemoteDataSource.swift */; };
		65659442299699790028AEFA /* CustomError+Extension.swift in Sources */ = {isa = PBXBuildFile; fileRef = 65659441299699790028AEFA /* CustomError+Extension.swift */; };
		6565944429969E620028AEFA /* MovieRepository.swift in Sources */ = {isa = PBXBuildFile; fileRef = 6565944329969E620028AEFA /* MovieRepository.swift */; };
		656594472996A0F30028AEFA /* MovieMapper.swift in Sources */ = {isa = PBXBuildFile; fileRef = 656594462996A0F30028AEFA /* MovieMapper.swift */; };
		6565944A299703A90028AEFA /* HomeInteractor.swift in Sources */ = {isa = PBXBuildFile; fileRef = 65659449299703A90028AEFA /* HomeInteractor.swift */; };
		656594502997321D0028AEFA /* HomePresenter.swift in Sources */ = {isa = PBXBuildFile; fileRef = 6565944F2997321D0028AEFA /* HomePresenter.swift */; };
		6582C77A2999614C0072E34B /* DetailMovieResponse.swift in Sources */ = {isa = PBXBuildFile; fileRef = 6582C7792999614C0072E34B /* DetailMovieResponse.swift */; };
		6582C77C299965780072E34B /* DetailMovieModel.swift in Sources */ = {isa = PBXBuildFile; fileRef = 6582C77B299965780072E34B /* DetailMovieModel.swift */; };
		6582C77E299A38510072E34B /* SafariView.swift in Sources */ = {isa = PBXBuildFile; fileRef = 6582C77D299A38510072E34B /* SafariView.swift */; };
		6582C781299A58480072E34B /* DecriptionDetailView.swift in Sources */ = {isa = PBXBuildFile; fileRef = 6582C780299A58480072E34B /* DecriptionDetailView.swift */; };
		6582C784299A59DE0072E34B /* RemoteImageView.swift in Sources */ = {isa = PBXBuildFile; fileRef = 6582C783299A59DE0072E34B /* RemoteImageView.swift */; };
		6582C786299A5B130072E34B /* StrokeTextView.swift in Sources */ = {isa = PBXBuildFile; fileRef = 6582C785299A5B130072E34B /* StrokeTextView.swift */; };
		6582C788299A5D6D0072E34B /* VideoResponse.swift in Sources */ = {isa = PBXBuildFile; fileRef = 6582C787299A5D6D0072E34B /* VideoResponse.swift */; };
		6582C78A299A5F900072E34B /* VideoModel.swift in Sources */ = {isa = PBXBuildFile; fileRef = 6582C789299A5F900072E34B /* VideoModel.swift */; };
		65DB1C5D299F36AA00AA92DA /* UpComingEntity.swift in Sources */ = {isa = PBXBuildFile; fileRef = 65DB1C5C299F36AA00AA92DA /* UpComingEntity.swift */; };
		65DB1C60299F385800AA92DA /* Kingfisher in Frameworks */ = {isa = PBXBuildFile; productRef = 65DB1C5F299F385800AA92DA /* Kingfisher */; };
		65DB1C63299F7E9600AA92DA /* Alamofire in Frameworks */ = {isa = PBXBuildFile; productRef = 65DB1C62299F7E9600AA92DA /* Alamofire */; };
/* End PBXBuildFile section */

/* Begin PBXFileReference section */
		653F5BCD29993F5000701A2E /* DetailPresenter.swift */ = {isa = PBXFileReference; lastKnownFileType = sourcecode.swift; path = DetailPresenter.swift; sourceTree = "<group>"; };
		653F5BD029993F6600701A2E /* DetailView.swift */ = {isa = PBXFileReference; lastKnownFileType = sourcecode.swift; path = DetailView.swift; sourceTree = "<group>"; };
		653F5BD22999474300701A2E /* JSONNull+Extention.swift */ = {isa = PBXFileReference; lastKnownFileType = sourcecode.swift; path = "JSONNull+Extention.swift"; sourceTree = "<group>"; };
		653F5BD42999507A00701A2E /* DetailInteractor.swift */ = {isa = PBXFileReference; lastKnownFileType = sourcecode.swift; path = DetailInteractor.swift; sourceTree = "<group>"; };
		653F5BD62999542800701A2E /* HomeRouter.swift */ = {isa = PBXFileReference; lastKnownFileType = sourcecode.swift; path = HomeRouter.swift; sourceTree = "<group>"; };
		6561567D2997C50300E50B91 /* HomeView.swift */ = {isa = PBXFileReference; lastKnownFileType = sourcecode.swift; path = HomeView.swift; sourceTree = "<group>"; };
		6561567F2997CB2A00E50B91 /* UpComingMovieViewCell.swift */ = {isa = PBXFileReference; lastKnownFileType = sourcecode.swift; path = UpComingMovieViewCell.swift; sourceTree = "<group>"; };
		656156822997E33400E50B91 /* UpComingMoviesView.swift */ = {isa = PBXFileReference; lastKnownFileType = sourcecode.swift; path = UpComingMoviesView.swift; sourceTree = "<group>"; };
		65615684299887C700E50B91 /* MoviesResponse.swift */ = {isa = PBXFileReference; lastKnownFileType = sourcecode.swift; path = MoviesResponse.swift; sourceTree = "<group>"; };
		656156862998897200E50B91 /* MovieModel.swift */ = {isa = PBXFileReference; lastKnownFileType = sourcecode.swift; path = MovieModel.swift; sourceTree = "<group>"; };
		6561568B299893F900E50B91 /* PopularMovieViewCell.swift */ = {isa = PBXFileReference; lastKnownFileType = sourcecode.swift; path = PopularMovieViewCell.swift; sourceTree = "<group>"; };
		6561568D2998A3D200E50B91 /* PopularMovieView.swift */ = {isa = PBXFileReference; lastKnownFileType = sourcecode.swift; path = PopularMovieView.swift; sourceTree = "<group>"; };
		656156922999021400E50B91 /* LocalDataSource.swift */ = {isa = PBXFileReference; lastKnownFileType = sourcecode.swift; path = LocalDataSource.swift; sourceTree = "<group>"; };
		656156962999114000E50B91 /* MovieResponse.swift */ = {isa = PBXFileReference; lastKnownFileType = sourcecode.swift; path = MovieResponse.swift; sourceTree = "<group>"; };
		656594082995E7B50028AEFA /* Movies.app */ = {isa = PBXFileReference; explicitFileType = wrapper.application; includeInIndex = 0; path = Movies.app; sourceTree = BUILT_PRODUCTS_DIR; };
		6565940B2995E7B50028AEFA /* MoviesApp.swift */ = {isa = PBXFileReference; lastKnownFileType = sourcecode.swift; path = MoviesApp.swift; sourceTree = "<group>"; };
		6565940D2995E7B50028AEFA /* ContentView.swift */ = {isa = PBXFileReference; lastKnownFileType = sourcecode.swift; path = ContentView.swift; sourceTree = "<group>"; };
		6565940F2995E7B60028AEFA /* Assets.xcassets */ = {isa = PBXFileReference; lastKnownFileType = folder.assetcatalog; path = Assets.xcassets; sourceTree = "<group>"; };
		656594122995E7B60028AEFA /* Preview Assets.xcassets */ = {isa = PBXFileReference; lastKnownFileType = folder.assetcatalog; path = "Preview Assets.xcassets"; sourceTree = "<group>"; };
		6565941D2995E8320028AEFA /* Injection.swift */ = {isa = PBXFileReference; lastKnownFileType = sourcecode.swift; path = Injection.swift; sourceTree = "<group>"; };
		65659432299658960028AEFA /* APICall.swift */ = {isa = PBXFileReference; lastKnownFileType = sourcecode.swift; path = APICall.swift; sourceTree = "<group>"; };
		65659434299659B40028AEFA /* TMDB.plist */ = {isa = PBXFileReference; lastKnownFileType = text.plist.xml; path = TMDB.plist; sourceTree = "<group>"; };
		65659438299670430028AEFA /* PopularMovieEntity.swift */ = {isa = PBXFileReference; lastKnownFileType = sourcecode.swift; path = PopularMovieEntity.swift; sourceTree = "<group>"; };
		6565943E2996975F0028AEFA /* RemoteDataSource.swift */ = {isa = PBXFileReference; lastKnownFileType = sourcecode.swift; path = RemoteDataSource.swift; sourceTree = "<group>"; };
		65659441299699790028AEFA /* CustomError+Extension.swift */ = {isa = PBXFileReference; lastKnownFileType = sourcecode.swift; path = "CustomError+Extension.swift"; sourceTree = "<group>"; };
		6565944329969E620028AEFA /* MovieRepository.swift */ = {isa = PBXFileReference; lastKnownFileType = sourcecode.swift; path = MovieRepository.swift; sourceTree = "<group>"; };
		656594462996A0F30028AEFA /* MovieMapper.swift */ = {isa = PBXFileReference; lastKnownFileType = sourcecode.swift; path = MovieMapper.swift; sourceTree = "<group>"; };
		65659449299703A90028AEFA /* HomeInteractor.swift */ = {isa = PBXFileReference; lastKnownFileType = sourcecode.swift; path = HomeInteractor.swift; sourceTree = "<group>"; };
		6565944F2997321D0028AEFA /* HomePresenter.swift */ = {isa = PBXFileReference; lastKnownFileType = sourcecode.swift; path = HomePresenter.swift; sourceTree = "<group>"; };
		6582C7792999614C0072E34B /* DetailMovieResponse.swift */ = {isa = PBXFileReference; lastKnownFileType = sourcecode.swift; path = DetailMovieResponse.swift; sourceTree = "<group>"; };
		6582C77B299965780072E34B /* DetailMovieModel.swift */ = {isa = PBXFileReference; lastKnownFileType = sourcecode.swift; path = DetailMovieModel.swift; sourceTree = "<group>"; };
		6582C77D299A38510072E34B /* SafariView.swift */ = {isa = PBXFileReference; lastKnownFileType = sourcecode.swift; path = SafariView.swift; sourceTree = "<group>"; };
		6582C780299A58480072E34B /* DecriptionDetailView.swift */ = {isa = PBXFileReference; lastKnownFileType = sourcecode.swift; path = DecriptionDetailView.swift; sourceTree = "<group>"; };
		6582C783299A59DE0072E34B /* RemoteImageView.swift */ = {isa = PBXFileReference; lastKnownFileType = sourcecode.swift; path = RemoteImageView.swift; sourceTree = "<group>"; };
		6582C785299A5B130072E34B /* StrokeTextView.swift */ = {isa = PBXFileReference; lastKnownFileType = sourcecode.swift; path = StrokeTextView.swift; sourceTree = "<group>"; };
		6582C787299A5D6D0072E34B /* VideoResponse.swift */ = {isa = PBXFileReference; lastKnownFileType = sourcecode.swift; path = VideoResponse.swift; sourceTree = "<group>"; };
		6582C789299A5F900072E34B /* VideoModel.swift */ = {isa = PBXFileReference; lastKnownFileType = sourcecode.swift; path = VideoModel.swift; sourceTree = "<group>"; };
		65DB1C5C299F36AA00AA92DA /* UpComingEntity.swift */ = {isa = PBXFileReference; lastKnownFileType = sourcecode.swift; path = UpComingEntity.swift; sourceTree = "<group>"; };
/* End PBXFileReference section */

/* Begin PBXFrameworksBuildPhase section */
		656594052995E7B50028AEFA /* Frameworks */ = {
			isa = PBXFrameworksBuildPhase;
			buildActionMask = 2147483647;
			files = (
				6565942A2995EB590028AEFA /* RxCocoa in Frameworks */,
				656594272995EB1A0028AEFA /* RealmSwift in Frameworks */,
				6565942C2995EB590028AEFA /* RxSwift in Frameworks */,
				65DB1C63299F7E9600AA92DA /* Alamofire in Frameworks */,
				656594252995EB1A0028AEFA /* Realm in Frameworks */,
				65DB1C60299F385800AA92DA /* Kingfisher in Frameworks */,
			);
			runOnlyForDeploymentPostprocessing = 0;
		};
/* End PBXFrameworksBuildPhase section */

/* Begin PBXGroup section */
		653F5BCB29993E6800701A2E /* Detail */ = {
			isa = PBXGroup;
			children = (
				653F5BCF29993F5900701A2E /* View */,
				653F5BCC29993F4100701A2E /* Presenter */,
			);
			path = Detail;
			sourceTree = "<group>";
		};
		653F5BCC29993F4100701A2E /* Presenter */ = {
			isa = PBXGroup;
			children = (
				653F5BCD29993F5000701A2E /* DetailPresenter.swift */,
			);
			path = Presenter;
			sourceTree = "<group>";
		};
		653F5BCF29993F5900701A2E /* View */ = {
			isa = PBXGroup;
			children = (
				6582C77F299A580A0072E34B /* Component */,
				653F5BD029993F6600701A2E /* DetailView.swift */,
			);
			path = View;
			sourceTree = "<group>";
		};
		656156812997E31C00E50B91 /* UpComingMovie */ = {
			isa = PBXGroup;
			children = (
				6561567F2997CB2A00E50B91 /* UpComingMovieViewCell.swift */,
				656156822997E33400E50B91 /* UpComingMoviesView.swift */,
			);
			path = UpComingMovie;
			sourceTree = "<group>";
		};
		656156882998927F00E50B91 /* PopularMovie */ = {
			isa = PBXGroup;
			children = (
				6561568B299893F900E50B91 /* PopularMovieViewCell.swift */,
				6561568D2998A3D200E50B91 /* PopularMovieView.swift */,
			);
			path = PopularMovie;
			sourceTree = "<group>";
		};
		656593FF2995E7B50028AEFA = {
			isa = PBXGroup;
			children = (
				6565940A2995E7B50028AEFA /* Movies */,
				656594092995E7B50028AEFA /* Products */,
			);
			sourceTree = "<group>";
		};
		656594092995E7B50028AEFA /* Products */ = {
			isa = PBXGroup;
			children = (
				656594082995E7B50028AEFA /* Movies.app */,
			);
			name = Products;
			sourceTree = "<group>";
		};
		6565940A2995E7B50028AEFA /* Movies */ = {
			isa = PBXGroup;
			children = (
				6565941B2995E8130028AEFA /* Core */,
				6565941A2995E80B0028AEFA /* Module */,
				656594192995E7C20028AEFA /* App */,
				6565940F2995E7B60028AEFA /* Assets.xcassets */,
				656594112995E7B60028AEFA /* Preview Content */,
			);
			path = Movies;
			sourceTree = "<group>";
		};
		656594112995E7B60028AEFA /* Preview Content */ = {
			isa = PBXGroup;
			children = (
				656594122995E7B60028AEFA /* Preview Assets.xcassets */,
			);
			path = "Preview Content";
			sourceTree = "<group>";
		};
		656594192995E7C20028AEFA /* App */ = {
			isa = PBXGroup;
			children = (
				6565940B2995E7B50028AEFA /* MoviesApp.swift */,
				6565940D2995E7B50028AEFA /* ContentView.swift */,
			);
			path = App;
			sourceTree = "<group>";
		};
		6565941A2995E80B0028AEFA /* Module */ = {
			isa = PBXGroup;
			children = (
				653F5BCB29993E6800701A2E /* Detail */,
				6565944B2997054D0028AEFA /* Home */,
			);
			path = Module;
			sourceTree = "<group>";
		};
		6565941B2995E8130028AEFA /* Core */ = {
			isa = PBXGroup;
			children = (
				656594302996587E0028AEFA /* Util */,
				6565942D299654230028AEFA /* Data */,
				6565941F2995E9740028AEFA /* Domain */,
				6565941C2995E8280028AEFA /* DI */,
			);
			path = Core;
			sourceTree = "<group>";
		};
		6565941C2995E8280028AEFA /* DI */ = {
			isa = PBXGroup;
			children = (
				6565941D2995E8320028AEFA /* Injection.swift */,
			);
			path = DI;
			sourceTree = "<group>";
		};
		6565941F2995E9740028AEFA /* Domain */ = {
			isa = PBXGroup;
			children = (
				656594482996A40F0028AEFA /* UseCase */,
				656594202995E9850028AEFA /* Model */,
			);
			path = Domain;
			sourceTree = "<group>";
		};
		656594202995E9850028AEFA /* Model */ = {
			isa = PBXGroup;
			children = (
				656156862998897200E50B91 /* MovieModel.swift */,
				6582C77B299965780072E34B /* DetailMovieModel.swift */,
				6582C789299A5F900072E34B /* VideoModel.swift */,
			);
			path = Model;
			sourceTree = "<group>";
		};
		6565942D299654230028AEFA /* Data */ = {
			isa = PBXGroup;
			children = (
				6565944329969E620028AEFA /* MovieRepository.swift */,
				6565943A299680AF0028AEFA /* Remote */,
				6565942E299654280028AEFA /* Local */,
			);
			path = Data;
			sourceTree = "<group>";
		};
		6565942E299654280028AEFA /* Local */ = {
			isa = PBXGroup;
			children = (
				6565942F299654320028AEFA /* Entity */,
				656156922999021400E50B91 /* LocalDataSource.swift */,
			);
			path = Local;
			sourceTree = "<group>";
		};
		6565942F299654320028AEFA /* Entity */ = {
			isa = PBXGroup;
			children = (
				65659438299670430028AEFA /* PopularMovieEntity.swift */,
				65DB1C5C299F36AA00AA92DA /* UpComingEntity.swift */,
			);
			path = Entity;
			sourceTree = "<group>";
		};
		656594302996587E0028AEFA /* Util */ = {
			isa = PBXGroup;
			children = (
				6582C782299A59CD0072E34B /* View */,
				656594452996A0E70028AEFA /* Mapper */,
				65659440299699670028AEFA /* Extension */,
				65659431299658890028AEFA /* Network */,
			);
			path = Util;
			sourceTree = "<group>";
		};
		65659431299658890028AEFA /* Network */ = {
			isa = PBXGroup;
			children = (
				65659432299658960028AEFA /* APICall.swift */,
				65659434299659B40028AEFA /* TMDB.plist */,
			);
			path = Network;
			sourceTree = "<group>";
		};
		6565943A299680AF0028AEFA /* Remote */ = {
			isa = PBXGroup;
			children = (
				6565943B299680BA0028AEFA /* Response */,
				6565943E2996975F0028AEFA /* RemoteDataSource.swift */,
			);
			path = Remote;
			sourceTree = "<group>";
		};
		6565943B299680BA0028AEFA /* Response */ = {
			isa = PBXGroup;
			children = (
				65615684299887C700E50B91 /* MoviesResponse.swift */,
				656156962999114000E50B91 /* MovieResponse.swift */,
				6582C7792999614C0072E34B /* DetailMovieResponse.swift */,
				6582C787299A5D6D0072E34B /* VideoResponse.swift */,
			);
			path = Response;
			sourceTree = "<group>";
		};
		65659440299699670028AEFA /* Extension */ = {
			isa = PBXGroup;
			children = (
				65659441299699790028AEFA /* CustomError+Extension.swift */,
				653F5BD22999474300701A2E /* JSONNull+Extention.swift */,
			);
			path = Extension;
			sourceTree = "<group>";
		};
		656594452996A0E70028AEFA /* Mapper */ = {
			isa = PBXGroup;
			children = (
				656594462996A0F30028AEFA /* MovieMapper.swift */,
			);
			path = Mapper;
			sourceTree = "<group>";
		};
		656594482996A40F0028AEFA /* UseCase */ = {
			isa = PBXGroup;
			children = (
				65659449299703A90028AEFA /* HomeInteractor.swift */,
				653F5BD42999507A00701A2E /* DetailInteractor.swift */,
			);
			path = UseCase;
			sourceTree = "<group>";
		};
		6565944B2997054D0028AEFA /* Home */ = {
			isa = PBXGroup;
			children = (
				6565944E2997056F0028AEFA /* Router */,
				6565944D299705670028AEFA /* Presenter */,
				6565944C299705620028AEFA /* View */,
			);
			path = Home;
			sourceTree = "<group>";
		};
		6565944C299705620028AEFA /* View */ = {
			isa = PBXGroup;
			children = (
				656156882998927F00E50B91 /* PopularMovie */,
				656156812997E31C00E50B91 /* UpComingMovie */,
				6561567D2997C50300E50B91 /* HomeView.swift */,
			);
			path = View;
			sourceTree = "<group>";
		};
		6565944D299705670028AEFA /* Presenter */ = {
			isa = PBXGroup;
			children = (
				6565944F2997321D0028AEFA /* HomePresenter.swift */,
			);
			path = Presenter;
			sourceTree = "<group>";
		};
		6565944E2997056F0028AEFA /* Router */ = {
			isa = PBXGroup;
			children = (
				653F5BD62999542800701A2E /* HomeRouter.swift */,
			);
			path = Router;
			sourceTree = "<group>";
		};
		6582C77F299A580A0072E34B /* Component */ = {
			isa = PBXGroup;
			children = (
				6582C77D299A38510072E34B /* SafariView.swift */,
				6582C780299A58480072E34B /* DecriptionDetailView.swift */,
				6582C785299A5B130072E34B /* StrokeTextView.swift */,
			);
			path = Component;
			sourceTree = "<group>";
		};
		6582C782299A59CD0072E34B /* View */ = {
			isa = PBXGroup;
			children = (
				6582C783299A59DE0072E34B /* RemoteImageView.swift */,
			);
			path = View;
			sourceTree = "<group>";
		};
/* End PBXGroup section */

/* Begin PBXNativeTarget section */
		656594072995E7B50028AEFA /* Movies */ = {
			isa = PBXNativeTarget;
			buildConfigurationList = 656594162995E7B60028AEFA /* Build configuration list for PBXNativeTarget "Movies" */;
			buildPhases = (
				656594042995E7B50028AEFA /* Sources */,
				656594052995E7B50028AEFA /* Frameworks */,
				656594062995E7B50028AEFA /* Resources */,
			);
			buildRules = (
			);
			dependencies = (
			);
			name = Movies;
			packageProductDependencies = (
				656594242995EB1A0028AEFA /* Realm */,
				656594262995EB1A0028AEFA /* RealmSwift */,
				656594292995EB590028AEFA /* RxCocoa */,
				6565942B2995EB590028AEFA /* RxSwift */,
				65DB1C5F299F385800AA92DA /* Kingfisher */,
				65DB1C62299F7E9600AA92DA /* Alamofire */,
			);
			productName = Movies;
			productReference = 656594082995E7B50028AEFA /* Movies.app */;
			productType = "com.apple.product-type.application";
		};
/* End PBXNativeTarget section */

/* Begin PBXProject section */
		656594002995E7B50028AEFA /* Project object */ = {
			isa = PBXProject;
			attributes = {
				BuildIndependentTargetsInParallel = 1;
				LastSwiftUpdateCheck = 1420;
				LastUpgradeCheck = 1420;
				ORGANIZATIONNAME = "Agus Hery";
				TargetAttributes = {
					656594072995E7B50028AEFA = {
						CreatedOnToolsVersion = 14.2;
					};
				};
			};
			buildConfigurationList = 656594032995E7B50028AEFA /* Build configuration list for PBXProject "Movies" */;
			compatibilityVersion = "Xcode 14.0";
			developmentRegion = en;
			hasScannedForEncodings = 0;
			knownRegions = (
				en,
				Base,
			);
			mainGroup = 656593FF2995E7B50028AEFA;
			packageReferences = (
				656594232995EB1A0028AEFA /* XCRemoteSwiftPackageReference "realm-swift" */,
				656594282995EB590028AEFA /* XCRemoteSwiftPackageReference "RxSwift" */,
				65DB1C5E299F385800AA92DA /* XCRemoteSwiftPackageReference "Kingfisher" */,
				65DB1C61299F7E9600AA92DA /* XCRemoteSwiftPackageReference "Alamofire" */,
			);
			productRefGroup = 656594092995E7B50028AEFA /* Products */;
			projectDirPath = "";
			projectRoot = "";
			targets = (
				656594072995E7B50028AEFA /* Movies */,
			);
		};
/* End PBXProject section */

/* Begin PBXResourcesBuildPhase section */
		656594062995E7B50028AEFA /* Resources */ = {
			isa = PBXResourcesBuildPhase;
			buildActionMask = 2147483647;
			files = (
				65659435299659B40028AEFA /* TMDB.plist in Resources */,
				656594132995E7B60028AEFA /* Preview Assets.xcassets in Resources */,
				656594102995E7B60028AEFA /* Assets.xcassets in Resources */,
			);
			runOnlyForDeploymentPostprocessing = 0;
		};
/* End PBXResourcesBuildPhase section */

/* Begin PBXSourcesBuildPhase section */
		656594042995E7B50028AEFA /* Sources */ = {
			isa = PBXSourcesBuildPhase;
			buildActionMask = 2147483647;
			files = (
				6565943F2996975F0028AEFA /* RemoteDataSource.swift in Sources */,
				653F5BD52999507A00701A2E /* DetailInteractor.swift in Sources */,
				653F5BD129993F6600701A2E /* DetailView.swift in Sources */,
				6561567E2997C50300E50B91 /* HomeView.swift in Sources */,
				656594472996A0F30028AEFA /* MovieMapper.swift in Sources */,
				6582C77C299965780072E34B /* DetailMovieModel.swift in Sources */,
				6582C781299A58480072E34B /* DecriptionDetailView.swift in Sources */,
				6582C786299A5B130072E34B /* StrokeTextView.swift in Sources */,
				65DB1C5D299F36AA00AA92DA /* UpComingEntity.swift in Sources */,
				656156932999021400E50B91 /* LocalDataSource.swift in Sources */,
				656156832997E33400E50B91 /* UpComingMoviesView.swift in Sources */,
				65615685299887C700E50B91 /* MoviesResponse.swift in Sources */,
				6561568C299893F900E50B91 /* PopularMovieViewCell.swift in Sources */,
				6561568E2998A3D200E50B91 /* PopularMovieView.swift in Sources */,
				656156872998897200E50B91 /* MovieModel.swift in Sources */,
				656156802997CB2A00E50B91 /* UpComingMovieViewCell.swift in Sources */,
				65659442299699790028AEFA /* CustomError+Extension.swift in Sources */,
				6582C784299A59DE0072E34B /* RemoteImageView.swift in Sources */,
				656156972999114000E50B91 /* MovieResponse.swift in Sources */,
				6582C77E299A38510072E34B /* SafariView.swift in Sources */,
				6565944A299703A90028AEFA /* HomeInteractor.swift in Sources */,
				6582C77A2999614C0072E34B /* DetailMovieResponse.swift in Sources */,
				6565941E2995E8320028AEFA /* Injection.swift in Sources */,
				6582C788299A5D6D0072E34B /* VideoResponse.swift in Sources */,
				653F5BCE29993F5000701A2E /* DetailPresenter.swift in Sources */,
				6582C78A299A5F900072E34B /* VideoModel.swift in Sources */,
				653F5BD32999474300701A2E /* JSONNull+Extention.swift in Sources */,
				653F5BD72999542800701A2E /* HomeRouter.swift in Sources */,
				65659433299658960028AEFA /* APICall.swift in Sources */,
				65659439299670430028AEFA /* PopularMovieEntity.swift in Sources */,
				656594502997321D0028AEFA /* HomePresenter.swift in Sources */,
				6565940E2995E7B50028AEFA /* ContentView.swift in Sources */,
				6565944429969E620028AEFA /* MovieRepository.swift in Sources */,
				6565940C2995E7B50028AEFA /* MoviesApp.swift in Sources */,
			);
			runOnlyForDeploymentPostprocessing = 0;
		};
/* End PBXSourcesBuildPhase section */

/* Begin XCBuildConfiguration section */
		656594142995E7B60028AEFA /* Debug */ = {
			isa = XCBuildConfiguration;
			buildSettings = {
				ALWAYS_SEARCH_USER_PATHS = NO;
				CLANG_ANALYZER_NONNULL = YES;
				CLANG_ANALYZER_NUMBER_OBJECT_CONVERSION = YES_AGGRESSIVE;
				CLANG_CXX_LANGUAGE_STANDARD = "gnu++20";
				CLANG_ENABLE_MODULES = YES;
				CLANG_ENABLE_OBJC_ARC = YES;
				CLANG_ENABLE_OBJC_WEAK = YES;
				CLANG_WARN_BLOCK_CAPTURE_AUTORELEASING = YES;
				CLANG_WARN_BOOL_CONVERSION = YES;
				CLANG_WARN_COMMA = YES;
				CLANG_WARN_CONSTANT_CONVERSION = YES;
				CLANG_WARN_DEPRECATED_OBJC_IMPLEMENTATIONS = YES;
				CLANG_WARN_DIRECT_OBJC_ISA_USAGE = YES_ERROR;
				CLANG_WARN_DOCUMENTATION_COMMENTS = YES;
				CLANG_WARN_EMPTY_BODY = YES;
				CLANG_WARN_ENUM_CONVERSION = YES;
				CLANG_WARN_INFINITE_RECURSION = YES;
				CLANG_WARN_INT_CONVERSION = YES;
				CLANG_WARN_NON_LITERAL_NULL_CONVERSION = YES;
				CLANG_WARN_OBJC_IMPLICIT_RETAIN_SELF = YES;
				CLANG_WARN_OBJC_LITERAL_CONVERSION = YES;
				CLANG_WARN_OBJC_ROOT_CLASS = YES_ERROR;
				CLANG_WARN_QUOTED_INCLUDE_IN_FRAMEWORK_HEADER = YES;
				CLANG_WARN_RANGE_LOOP_ANALYSIS = YES;
				CLANG_WARN_STRICT_PROTOTYPES = YES;
				CLANG_WARN_SUSPICIOUS_MOVE = YES;
				CLANG_WARN_UNGUARDED_AVAILABILITY = YES_AGGRESSIVE;
				CLANG_WARN_UNREACHABLE_CODE = YES;
				CLANG_WARN__DUPLICATE_METHOD_MATCH = YES;
				COPY_PHASE_STRIP = NO;
				DEBUG_INFORMATION_FORMAT = dwarf;
				ENABLE_STRICT_OBJC_MSGSEND = YES;
				ENABLE_TESTABILITY = YES;
				GCC_C_LANGUAGE_STANDARD = gnu11;
				GCC_DYNAMIC_NO_PIC = NO;
				GCC_NO_COMMON_BLOCKS = YES;
				GCC_OPTIMIZATION_LEVEL = 0;
				GCC_PREPROCESSOR_DEFINITIONS = (
					"DEBUG=1",
					"$(inherited)",
				);
				GCC_WARN_64_TO_32_BIT_CONVERSION = YES;
				GCC_WARN_ABOUT_RETURN_TYPE = YES_ERROR;
				GCC_WARN_UNDECLARED_SELECTOR = YES;
				GCC_WARN_UNINITIALIZED_AUTOS = YES_AGGRESSIVE;
				GCC_WARN_UNUSED_FUNCTION = YES;
				GCC_WARN_UNUSED_VARIABLE = YES;
				IPHONEOS_DEPLOYMENT_TARGET = 16.2;
				MTL_ENABLE_DEBUG_INFO = INCLUDE_SOURCE;
				MTL_FAST_MATH = YES;
				ONLY_ACTIVE_ARCH = YES;
				SDKROOT = iphoneos;
				SWIFT_ACTIVE_COMPILATION_CONDITIONS = DEBUG;
				SWIFT_OPTIMIZATION_LEVEL = "-Onone";
			};
			name = Debug;
		};
		656594152995E7B60028AEFA /* Release */ = {
			isa = XCBuildConfiguration;
			buildSettings = {
				ALWAYS_SEARCH_USER_PATHS = NO;
				CLANG_ANALYZER_NONNULL = YES;
				CLANG_ANALYZER_NUMBER_OBJECT_CONVERSION = YES_AGGRESSIVE;
				CLANG_CXX_LANGUAGE_STANDARD = "gnu++20";
				CLANG_ENABLE_MODULES = YES;
				CLANG_ENABLE_OBJC_ARC = YES;
				CLANG_ENABLE_OBJC_WEAK = YES;
				CLANG_WARN_BLOCK_CAPTURE_AUTORELEASING = YES;
				CLANG_WARN_BOOL_CONVERSION = YES;
				CLANG_WARN_COMMA = YES;
				CLANG_WARN_CONSTANT_CONVERSION = YES;
				CLANG_WARN_DEPRECATED_OBJC_IMPLEMENTATIONS = YES;
				CLANG_WARN_DIRECT_OBJC_ISA_USAGE = YES_ERROR;
				CLANG_WARN_DOCUMENTATION_COMMENTS = YES;
				CLANG_WARN_EMPTY_BODY = YES;
				CLANG_WARN_ENUM_CONVERSION = YES;
				CLANG_WARN_INFINITE_RECURSION = YES;
				CLANG_WARN_INT_CONVERSION = YES;
				CLANG_WARN_NON_LITERAL_NULL_CONVERSION = YES;
				CLANG_WARN_OBJC_IMPLICIT_RETAIN_SELF = YES;
				CLANG_WARN_OBJC_LITERAL_CONVERSION = YES;
				CLANG_WARN_OBJC_ROOT_CLASS = YES_ERROR;
				CLANG_WARN_QUOTED_INCLUDE_IN_FRAMEWORK_HEADER = YES;
				CLANG_WARN_RANGE_LOOP_ANALYSIS = YES;
				CLANG_WARN_STRICT_PROTOTYPES = YES;
				CLANG_WARN_SUSPICIOUS_MOVE = YES;
				CLANG_WARN_UNGUARDED_AVAILABILITY = YES_AGGRESSIVE;
				CLANG_WARN_UNREACHABLE_CODE = YES;
				CLANG_WARN__DUPLICATE_METHOD_MATCH = YES;
				COPY_PHASE_STRIP = NO;
				DEBUG_INFORMATION_FORMAT = "dwarf-with-dsym";
				ENABLE_NS_ASSERTIONS = NO;
				ENABLE_STRICT_OBJC_MSGSEND = YES;
				GCC_C_LANGUAGE_STANDARD = gnu11;
				GCC_NO_COMMON_BLOCKS = YES;
				GCC_WARN_64_TO_32_BIT_CONVERSION = YES;
				GCC_WARN_ABOUT_RETURN_TYPE = YES_ERROR;
				GCC_WARN_UNDECLARED_SELECTOR = YES;
				GCC_WARN_UNINITIALIZED_AUTOS = YES_AGGRESSIVE;
				GCC_WARN_UNUSED_FUNCTION = YES;
				GCC_WARN_UNUSED_VARIABLE = YES;
				IPHONEOS_DEPLOYMENT_TARGET = 16.2;
				MTL_ENABLE_DEBUG_INFO = NO;
				MTL_FAST_MATH = YES;
				SDKROOT = iphoneos;
				SWIFT_COMPILATION_MODE = wholemodule;
				SWIFT_OPTIMIZATION_LEVEL = "-O";
				VALIDATE_PRODUCT = YES;
			};
			name = Release;
		};
		656594172995E7B60028AEFA /* Debug */ = {
			isa = XCBuildConfiguration;
			buildSettings = {
				ASSETCATALOG_COMPILER_APPICON_NAME = AppIcon;
				ASSETCATALOG_COMPILER_GLOBAL_ACCENT_COLOR_NAME = AccentColor;
				CODE_SIGN_STYLE = Automatic;
				CURRENT_PROJECT_VERSION = 1;
				DEVELOPMENT_ASSET_PATHS = "\"Movies/Preview Content\"";
				DEVELOPMENT_TEAM = N42VUN3JJ2;
				ENABLE_PREVIEWS = YES;
				GENERATE_INFOPLIST_FILE = YES;
				INFOPLIST_KEY_UIApplicationSceneManifest_Generation = YES;
				INFOPLIST_KEY_UIApplicationSupportsIndirectInputEvents = YES;
				INFOPLIST_KEY_UILaunchScreen_Generation = YES;
				INFOPLIST_KEY_UISupportedInterfaceOrientations_iPad = "UIInterfaceOrientationPortrait UIInterfaceOrientationPortraitUpsideDown UIInterfaceOrientationLandscapeLeft UIInterfaceOrientationLandscapeRight";
				INFOPLIST_KEY_UISupportedInterfaceOrientations_iPhone = "UIInterfaceOrientationPortrait UIInterfaceOrientationLandscapeLeft UIInterfaceOrientationLandscapeRight";
				IPHONEOS_DEPLOYMENT_TARGET = 16.0;
				LD_RUNPATH_SEARCH_PATHS = (
					"$(inherited)",
					"@executable_path/Frameworks",
				);
				MARKETING_VERSION = 1.0;
				PRODUCT_BUNDLE_IDENTIFIER = com.agushery.Movies;
				PRODUCT_NAME = "$(TARGET_NAME)";
				SWIFT_EMIT_LOC_STRINGS = YES;
				SWIFT_VERSION = 5.0;
				TARGETED_DEVICE_FAMILY = "1,2";
			};
			name = Debug;
		};
		656594182995E7B60028AEFA /* Release */ = {
			isa = XCBuildConfiguration;
			buildSettings = {
				ASSETCATALOG_COMPILER_APPICON_NAME = AppIcon;
				ASSETCATALOG_COMPILER_GLOBAL_ACCENT_COLOR_NAME = AccentColor;
				CODE_SIGN_STYLE = Automatic;
				CURRENT_PROJECT_VERSION = 1;
				DEVELOPMENT_ASSET_PATHS = "\"Movies/Preview Content\"";
				DEVELOPMENT_TEAM = N42VUN3JJ2;
				ENABLE_PREVIEWS = YES;
				GENERATE_INFOPLIST_FILE = YES;
				INFOPLIST_KEY_UIApplicationSceneManifest_Generation = YES;
				INFOPLIST_KEY_UIApplicationSupportsIndirectInputEvents = YES;
				INFOPLIST_KEY_UILaunchScreen_Generation = YES;
				INFOPLIST_KEY_UISupportedInterfaceOrientations_iPad = "UIInterfaceOrientationPortrait UIInterfaceOrientationPortraitUpsideDown UIInterfaceOrientationLandscapeLeft UIInterfaceOrientationLandscapeRight";
				INFOPLIST_KEY_UISupportedInterfaceOrientations_iPhone = "UIInterfaceOrientationPortrait UIInterfaceOrientationLandscapeLeft UIInterfaceOrientationLandscapeRight";
				IPHONEOS_DEPLOYMENT_TARGET = 16.0;
				LD_RUNPATH_SEARCH_PATHS = (
					"$(inherited)",
					"@executable_path/Frameworks",
				);
				MARKETING_VERSION = 1.0;
				PRODUCT_BUNDLE_IDENTIFIER = com.agushery.Movies;
				PRODUCT_NAME = "$(TARGET_NAME)";
				SWIFT_EMIT_LOC_STRINGS = YES;
				SWIFT_VERSION = 5.0;
				TARGETED_DEVICE_FAMILY = "1,2";
			};
			name = Release;
		};
/* End XCBuildConfiguration section */

/* Begin XCConfigurationList section */
		656594032995E7B50028AEFA /* Build configuration list for PBXProject "Movies" */ = {
			isa = XCConfigurationList;
			buildConfigurations = (
				656594142995E7B60028AEFA /* Debug */,
				656594152995E7B60028AEFA /* Release */,
			);
			defaultConfigurationIsVisible = 0;
			defaultConfigurationName = Release;
		};
		656594162995E7B60028AEFA /* Build configuration list for PBXNativeTarget "Movies" */ = {
			isa = XCConfigurationList;
			buildConfigurations = (
				656594172995E7B60028AEFA /* Debug */,
				656594182995E7B60028AEFA /* Release */,
			);
			defaultConfigurationIsVisible = 0;
			defaultConfigurationName = Release;
		};
/* End XCConfigurationList section */

/* Begin XCRemoteSwiftPackageReference section */
		656594232995EB1A0028AEFA /* XCRemoteSwiftPackageReference "realm-swift" */ = {
			isa = XCRemoteSwiftPackageReference;
			repositoryURL = "https://github.com/realm/realm-swift.git";
			requirement = {
				kind = upToNextMajorVersion;
				minimumVersion = 10.35.0;
			};
		};
		656594282995EB590028AEFA /* XCRemoteSwiftPackageReference "RxSwift" */ = {
			isa = XCRemoteSwiftPackageReference;
			repositoryURL = "https://github.com/ReactiveX/RxSwift";
			requirement = {
				kind = upToNextMajorVersion;
				minimumVersion = 6.0.0;
			};
		};
		65DB1C5E299F385800AA92DA /* XCRemoteSwiftPackageReference "Kingfisher" */ = {
			isa = XCRemoteSwiftPackageReference;
			repositoryURL = "https://github.com/onevcat/Kingfisher.git";
			requirement = {
				kind = upToNextMajorVersion;
				minimumVersion = 7.0.0;
			};
		};
		65DB1C61299F7E9600AA92DA /* XCRemoteSwiftPackageReference "Alamofire" */ = {
			isa = XCRemoteSwiftPackageReference;
			repositoryURL = "https://github.com/Alamofire/Alamofire";
			requirement = {
				kind = upToNextMajorVersion;
				minimumVersion = 5.6.1;
			};
		};
/* End XCRemoteSwiftPackageReference section */

/* Begin XCSwiftPackageProductDependency section */
		656594242995EB1A0028AEFA /* Realm */ = {
			isa = XCSwiftPackageProductDependency;
			package = 656594232995EB1A0028AEFA /* XCRemoteSwiftPackageReference "realm-swift" */;
			productName = Realm;
		};
		656594262995EB1A0028AEFA /* RealmSwift */ = {
			isa = XCSwiftPackageProductDependency;
			package = 656594232995EB1A0028AEFA /* XCRemoteSwiftPackageReference "realm-swift" */;
			productName = RealmSwift;
		};
		656594292995EB590028AEFA /* RxCocoa */ = {
			isa = XCSwiftPackageProductDependency;
			package = 656594282995EB590028AEFA /* XCRemoteSwiftPackageReference "RxSwift" */;
			productName = RxCocoa;
		};
		6565942B2995EB590028AEFA /* RxSwift */ = {
			isa = XCSwiftPackageProductDependency;
			package = 656594282995EB590028AEFA /* XCRemoteSwiftPackageReference "RxSwift" */;
			productName = RxSwift;
		};
		65DB1C5F299F385800AA92DA /* Kingfisher */ = {
			isa = XCSwiftPackageProductDependency;
			package = 65DB1C5E299F385800AA92DA /* XCRemoteSwiftPackageReference "Kingfisher" */;
			productName = Kingfisher;
		};
		65DB1C62299F7E9600AA92DA /* Alamofire */ = {
			isa = XCSwiftPackageProductDependency;
			package = 65DB1C61299F7E9600AA92DA /* XCRemoteSwiftPackageReference "Alamofire" */;
			productName = Alamofire;
		};
/* End XCSwiftPackageProductDependency section */
	};
	rootObject = 656594002995E7B50028AEFA /* Project object */;
}
